
Microsoft Visual Studio Solution File, Format Version 12.00
Project("{FAE04EC0-301F-11D3-BF4B-00C04F79EFBC}") = "Booksearch", "Booksearch\Booksearch.csproj", "{0BCD228A-61EB-4904-8262-17EDBF8FE618}"
EndProject
Project("{FAE04EC0-301F-11D3-BF4B-00C04F79EFBC}") = "RoomService", "RoomService\RoomService.csproj", "{134CBC9C-DD0B-41C6-A7D8-C50EF33FF5B3}"
EndProject
Global
	GlobalSection(SolutionConfigurationPlatforms) = preSolution
		Debug|Any CPU = Debug|Any CPU
		Release|Any CPU = Release|Any CPU
	EndGlobalSection
	GlobalSection(ProjectConfigurationPlatforms) = postSolution
		{0BCD228A-61EB-4904-8262-17EDBF8FE618}.Debug|Any CPU.ActiveCfg = Debug|Any CPU
		{0BCD228A-61EB-4904-8262-17EDBF8FE618}.Debug|Any CPU.Build.0 = Debug|Any CPU
		{0BCD228A-61EB-4904-8262-17EDBF8FE618}.Release|Any CPU.ActiveCfg = Release|Any CPU
		{0BCD228A-61EB-4904-8262-17EDBF8FE618}.Release|Any CPU.Build.0 = Release|Any CPU
		{134CBC9C-DD0B-41C6-A7D8-C50EF33FF5B3}.Debug|Any CPU.ActiveCfg = Debug|Any CPU
		{134CBC9C-DD0B-41C6-A7D8-C50EF33FF5B3}.Debug|Any CPU.Build.0 = Debug|Any CPU
		{134CBC9C-DD0B-41C6-A7D8-C50EF33FF5B3}.Release|Any CPU.ActiveCfg = Release|Any CPU
		{134CBC9C-DD0B-41C6-A7D8-C50EF33FF5B3}.Release|Any CPU.Build.0 = Release|Any CPU
	EndGlobalSection
EndGlobal
